
Microsoft Visual Studio Solution File, Format Version 12.00
# Visual Studio Version 16
VisualStudioVersion = 16.0.31410.357
MinimumVisualStudioVersion = 10.0.40219.1
Project("{9A19103F-16F7-4668-BE54-9A1E7A4F7556}") = "CardGameSite.WEB", "CardGameSite.WEB\CardGameSite.WEB.csproj", "{C071E2B2-FB24-45E3-89DD-BDDE97263D1F}"
EndProject
Project("{9A19103F-16F7-4668-BE54-9A1E7A4F7556}") = "CardGameSite.DAL", "CardGameSite.DAL\CardGameSite.DAL.csproj", "{64BA252B-514E-4808-A397-BE56A852D878}"
EndProject
Project("{9A19103F-16F7-4668-BE54-9A1E7A4F7556}") = "CardGameSite.BLL", "CardGameSite.BLL\CardGameSite.BLL.csproj", "{014296A5-A855-4DD5-A22A-AC8B9EE1933B}"
EndProject
Project("{FAE04EC0-301F-11D3-BF4B-00C04F79EFBC}") = "CardGameSite.Test", "CardGameSite.Test\CardGameSite.Test.csproj", "{DD1FDAEF-8FCE-47BE-AB5D-5EF852E1297C}"
EndProject
Global
	GlobalSection(SolutionConfigurationPlatforms) = preSolution
		Debug|Any CPU = Debug|Any CPU
		Release|Any CPU = Release|Any CPU
	EndGlobalSection
	GlobalSection(ProjectConfigurationPlatforms) = postSolution
		{C071E2B2-FB24-45E3-89DD-BDDE97263D1F}.Debug|Any CPU.ActiveCfg = Debug|Any CPU
		{C071E2B2-FB24-45E3-89DD-BDDE97263D1F}.Debug|Any CPU.Build.0 = Debug|Any CPU
		{C071E2B2-FB24-45E3-89DD-BDDE97263D1F}.Release|Any CPU.ActiveCfg = Release|Any CPU
		{C071E2B2-FB24-45E3-89DD-BDDE97263D1F}.Release|Any CPU.Build.0 = Release|Any CPU
		{64BA252B-514E-4808-A397-BE56A852D878}.Debug|Any CPU.ActiveCfg = Debug|Any CPU
		{64BA252B-514E-4808-A397-BE56A852D878}.Debug|Any CPU.Build.0 = Debug|Any CPU
		{64BA252B-514E-4808-A397-BE56A852D878}.Release|Any CPU.ActiveCfg = Release|Any CPU
		{64BA252B-514E-4808-A397-BE56A852D878}.Release|Any CPU.Build.0 = Release|Any CPU
		{014296A5-A855-4DD5-A22A-AC8B9EE1933B}.Debug|Any CPU.ActiveCfg = Debug|Any CPU
		{014296A5-A855-4DD5-A22A-AC8B9EE1933B}.Debug|Any CPU.Build.0 = Debug|Any CPU
		{014296A5-A855-4DD5-A22A-AC8B9EE1933B}.Release|Any CPU.ActiveCfg = Release|Any CPU
		{014296A5-A855-4DD5-A22A-AC8B9EE1933B}.Release|Any CPU.Build.0 = Release|Any CPU
		{DD1FDAEF-8FCE-47BE-AB5D-5EF852E1297C}.Debug|Any CPU.ActiveCfg = Debug|Any CPU
		{DD1FDAEF-8FCE-47BE-AB5D-5EF852E1297C}.Debug|Any CPU.Build.0 = Debug|Any CPU
		{DD1FDAEF-8FCE-47BE-AB5D-5EF852E1297C}.Release|Any CPU.ActiveCfg = Release|Any CPU
		{DD1FDAEF-8FCE-47BE-AB5D-5EF852E1297C}.Release|Any CPU.Build.0 = Release|Any CPU
	EndGlobalSection
	GlobalSection(SolutionProperties) = preSolution
		HideSolutionNode = FALSE
	EndGlobalSection
	GlobalSection(ExtensibilityGlobals) = postSolution
		SolutionGuid = {24325038-94E4-4447-A75B-A26F7931AA46}
	EndGlobalSection
EndGlobal
